// !$*UTF8*$!
{
	archiveVersion = 1;
	classes = {
	};
	objectVersion = 48;
	objects = {

/* Begin PBXBuildFile section */
		B4C3A6D51F6A5105000D6B6F /* MainScreenViewController.swift in Sources */ = {isa = PBXBuildFile; fileRef = B4C3A6D41F6A5105000D6B6F /* MainScreenViewController.swift */; };
		B4DBFAAE1F68C08B00B98ED4 /* AppDelegate.swift in Sources */ = {isa = PBXBuildFile; fileRef = B4DBFAAD1F68C08B00B98ED4 /* AppDelegate.swift */; };
		B4DBFAB01F68C08B00B98ED4 /* AuthenticationViewController.swift in Sources */ = {isa = PBXBuildFile; fileRef = B4DBFAAF1F68C08B00B98ED4 /* AuthenticationViewController.swift */; };
		B4DBFAB31F68C08B00B98ED4 /* Main.storyboard in Resources */ = {isa = PBXBuildFile; fileRef = B4DBFAB11F68C08B00B98ED4 /* Main.storyboard */; };
		B4DBFAB51F68C08B00B98ED4 /* Assets.xcassets in Resources */ = {isa = PBXBuildFile; fileRef = B4DBFAB41F68C08B00B98ED4 /* Assets.xcassets */; };
		B4DBFAB81F68C08B00B98ED4 /* LaunchScreen.storyboard in Resources */ = {isa = PBXBuildFile; fileRef = B4DBFAB61F68C08B00B98ED4 /* LaunchScreen.storyboard */; };
		B4DBFAC31F68C08C00B98ED4 /* LocalAuthenticationTests.swift in Sources */ = {isa = PBXBuildFile; fileRef = B4DBFAC21F68C08C00B98ED4 /* LocalAuthenticationTests.swift */; };
		B4DBFACE1F68C08C00B98ED4 /* LocalAuthenticationUITests.swift in Sources */ = {isa = PBXBuildFile; fileRef = B4DBFACD1F68C08C00B98ED4 /* LocalAuthenticationUITests.swift */; };
/* End PBXBuildFile section */

/* Begin PBXContainerItemProxy section */
		B4DBFABF1F68C08C00B98ED4 /* PBXContainerItemProxy */ = {
			isa = PBXContainerItemProxy;
			containerPortal = B4DBFAA21F68C08B00B98ED4 /* Project object */;
			proxyType = 1;
			remoteGlobalIDString = B4DBFAA91F68C08B00B98ED4;
			remoteInfo = LocalAuthentication;
		};
		B4DBFACA1F68C08C00B98ED4 /* PBXContainerItemProxy */ = {
			isa = PBXContainerItemProxy;
			containerPortal = B4DBFAA21F68C08B00B98ED4 /* Project object */;
			proxyType = 1;
			remoteGlobalIDString = B4DBFAA91F68C08B00B98ED4;
			remoteInfo = LocalAuthentication;
		};
/* End PBXContainerItemProxy section */

/* Begin PBXFileReference section */
		B4C3A6D41F6A5105000D6B6F /* MainScreenViewController.swift */ = {isa = PBXFileReference; lastKnownFileType = sourcecode.swift; path = MainScreenViewController.swift; sourceTree = "<group>"; };
		B4DBFAAA1F68C08B00B98ED4 /* LocalAuthenticationDemo.app */ = {isa = PBXFileReference; explicitFileType = wrapper.application; includeInIndex = 0; path = LocalAuthenticationDemo.app; sourceTree = BUILT_PRODUCTS_DIR; };
		B4DBFAAD1F68C08B00B98ED4 /* AppDelegate.swift */ = {isa = PBXFileReference; lastKnownFileType = sourcecode.swift; path = AppDelegate.swift; sourceTree = "<group>"; };
		B4DBFAAF1F68C08B00B98ED4 /* AuthenticationViewController.swift */ = {isa = PBXFileReference; lastKnownFileType = sourcecode.swift; path = AuthenticationViewController.swift; sourceTree = "<group>"; };
		B4DBFAB21F68C08B00B98ED4 /* Base */ = {isa = PBXFileReference; lastKnownFileType = file.storyboard; name = Base; path = Base.lproj/Main.storyboard; sourceTree = "<group>"; };
		B4DBFAB41F68C08B00B98ED4 /* Assets.xcassets */ = {isa = PBXFileReference; lastKnownFileType = folder.assetcatalog; path = Assets.xcassets; sourceTree = "<group>"; };
		B4DBFAB71F68C08B00B98ED4 /* Base */ = {isa = PBXFileReference; lastKnownFileType = file.storyboard; name = Base; path = Base.lproj/LaunchScreen.storyboard; sourceTree = "<group>"; };
		B4DBFAB91F68C08B00B98ED4 /* Info.plist */ = {isa = PBXFileReference; lastKnownFileType = text.plist.xml; path = Info.plist; sourceTree = "<group>"; };
		B4DBFABE1F68C08C00B98ED4 /* LocalAuthenticationDemoTests.xctest */ = {isa = PBXFileReference; explicitFileType = wrapper.cfbundle; includeInIndex = 0; path = LocalAuthenticationDemoTests.xctest; sourceTree = BUILT_PRODUCTS_DIR; };
		B4DBFAC21F68C08C00B98ED4 /* LocalAuthenticationTests.swift */ = {isa = PBXFileReference; lastKnownFileType = sourcecode.swift; path = LocalAuthenticationTests.swift; sourceTree = "<group>"; };
		B4DBFAC41F68C08C00B98ED4 /* Info.plist */ = {isa = PBXFileReference; lastKnownFileType = text.plist.xml; path = Info.plist; sourceTree = "<group>"; };
		B4DBFAC91F68C08C00B98ED4 /* LocalAuthenticationDemoUITests.xctest */ = {isa = PBXFileReference; explicitFileType = wrapper.cfbundle; includeInIndex = 0; path = LocalAuthenticationDemoUITests.xctest; sourceTree = BUILT_PRODUCTS_DIR; };
		B4DBFACD1F68C08C00B98ED4 /* LocalAuthenticationUITests.swift */ = {isa = PBXFileReference; lastKnownFileType = sourcecode.swift; path = LocalAuthenticationUITests.swift; sourceTree = "<group>"; };
		B4DBFACF1F68C08C00B98ED4 /* Info.plist */ = {isa = PBXFileReference; lastKnownFileType = text.plist.xml; path = Info.plist; sourceTree = "<group>"; };
		B4EDA4E81FA232210008097D /* README.md */ = {isa = PBXFileReference; lastKnownFileType = net.daringfireball.markdown; path = README.md; sourceTree = "<group>"; };
/* End PBXFileReference section */

/* Begin PBXFrameworksBuildPhase section */
		B4DBFAA71F68C08B00B98ED4 /* Frameworks */ = {
			isa = PBXFrameworksBuildPhase;
			buildActionMask = 2147483647;
			files = (
			);
			runOnlyForDeploymentPostprocessing = 0;
		};
		B4DBFABB1F68C08C00B98ED4 /* Frameworks */ = {
			isa = PBXFrameworksBuildPhase;
			buildActionMask = 2147483647;
			files = (
			);
			runOnlyForDeploymentPostprocessing = 0;
		};
		B4DBFAC61F68C08C00B98ED4 /* Frameworks */ = {
			isa = PBXFrameworksBuildPhase;
			buildActionMask = 2147483647;
			files = (
			);
			runOnlyForDeploymentPostprocessing = 0;
		};
/* End PBXFrameworksBuildPhase section */

/* Begin PBXGroup section */
		B4DBFAA11F68C08B00B98ED4 = {
			isa = PBXGroup;
			children = (
				B4EDA4E81FA232210008097D /* README.md */,
				B4DBFAAC1F68C08B00B98ED4 /* LocalAuthentication */,
				B4DBFAC11F68C08C00B98ED4 /* LocalAuthenticationTests */,
				B4DBFACC1F68C08C00B98ED4 /* LocalAuthenticationUITests */,
				B4DBFAAB1F68C08B00B98ED4 /* Products */,
			);
			sourceTree = "<group>";
		};
		B4DBFAAB1F68C08B00B98ED4 /* Products */ = {
			isa = PBXGroup;
			children = (
				B4DBFAAA1F68C08B00B98ED4 /* LocalAuthenticationDemo.app */,
				B4DBFABE1F68C08C00B98ED4 /* LocalAuthenticationDemoTests.xctest */,
				B4DBFAC91F68C08C00B98ED4 /* LocalAuthenticationDemoUITests.xctest */,
			);
			name = Products;
			sourceTree = "<group>";
		};
		B4DBFAAC1F68C08B00B98ED4 /* LocalAuthentication */ = {
			isa = PBXGroup;
			children = (
				B4DBFAAD1F68C08B00B98ED4 /* AppDelegate.swift */,
				B4DBFAAF1F68C08B00B98ED4 /* AuthenticationViewController.swift */,
				B4DBFAB11F68C08B00B98ED4 /* Main.storyboard */,
				B4C3A6D41F6A5105000D6B6F /* MainScreenViewController.swift */,
				B4DBFAB41F68C08B00B98ED4 /* Assets.xcassets */,
				B4DBFAB61F68C08B00B98ED4 /* LaunchScreen.storyboard */,
				B4DBFAB91F68C08B00B98ED4 /* Info.plist */,
			);
			path = LocalAuthentication;
			sourceTree = "<group>";
		};
		B4DBFAC11F68C08C00B98ED4 /* LocalAuthenticationTests */ = {
			isa = PBXGroup;
			children = (
				B4DBFAC21F68C08C00B98ED4 /* LocalAuthenticationTests.swift */,
				B4DBFAC41F68C08C00B98ED4 /* Info.plist */,
			);
			path = LocalAuthenticationTests;
			sourceTree = "<group>";
		};
		B4DBFACC1F68C08C00B98ED4 /* LocalAuthenticationUITests */ = {
			isa = PBXGroup;
			children = (
				B4DBFACD1F68C08C00B98ED4 /* LocalAuthenticationUITests.swift */,
				B4DBFACF1F68C08C00B98ED4 /* Info.plist */,
			);
			path = LocalAuthenticationUITests;
			sourceTree = "<group>";
		};
/* End PBXGroup section */

/* Begin PBXNativeTarget section */
		B4DBFAA91F68C08B00B98ED4 /* LocalAuthenticationDemo */ = {
			isa = PBXNativeTarget;
			buildConfigurationList = B4DBFAD21F68C08C00B98ED4 /* Build configuration list for PBXNativeTarget "LocalAuthenticationDemo" */;
			buildPhases = (
				B4DBFAA61F68C08B00B98ED4 /* Sources */,
				B4DBFAA71F68C08B00B98ED4 /* Frameworks */,
				B4DBFAA81F68C08B00B98ED4 /* Resources */,
			);
			buildRules = (
			);
			dependencies = (
			);
			name = LocalAuthenticationDemo;
			productName = LocalAuthentication;
			productReference = B4DBFAAA1F68C08B00B98ED4 /* LocalAuthenticationDemo.app */;
			productType = "com.apple.product-type.application";
		};
		B4DBFABD1F68C08C00B98ED4 /* LocalAuthenticationDemoTests */ = {
			isa = PBXNativeTarget;
			buildConfigurationList = B4DBFAD51F68C08C00B98ED4 /* Build configuration list for PBXNativeTarget "LocalAuthenticationDemoTests" */;
			buildPhases = (
				B4DBFABA1F68C08C00B98ED4 /* Sources */,
				B4DBFABB1F68C08C00B98ED4 /* Frameworks */,
				B4DBFABC1F68C08C00B98ED4 /* Resources */,
			);
			buildRules = (
			);
			dependencies = (
				B4DBFAC01F68C08C00B98ED4 /* PBXTargetDependency */,
			);
			name = LocalAuthenticationDemoTests;
			productName = LocalAuthenticationTests;
			productReference = B4DBFABE1F68C08C00B98ED4 /* LocalAuthenticationDemoTests.xctest */;
			productType = "com.apple.product-type.bundle.unit-test";
		};
		B4DBFAC81F68C08C00B98ED4 /* LocalAuthenticationDemoUITests */ = {
			isa = PBXNativeTarget;
			buildConfigurationList = B4DBFAD81F68C08C00B98ED4 /* Build configuration list for PBXNativeTarget "LocalAuthenticationDemoUITests" */;
			buildPhases = (
				B4DBFAC51F68C08C00B98ED4 /* Sources */,
				B4DBFAC61F68C08C00B98ED4 /* Frameworks */,
				B4DBFAC71F68C08C00B98ED4 /* Resources */,
			);
			buildRules = (
			);
			dependencies = (
				B4DBFACB1F68C08C00B98ED4 /* PBXTargetDependency */,
			);
			name = LocalAuthenticationDemoUITests;
			productName = LocalAuthenticationUITests;
			productReference = B4DBFAC91F68C08C00B98ED4 /* LocalAuthenticationDemoUITests.xctest */;
			productType = "com.apple.product-type.bundle.ui-testing";
		};
/* End PBXNativeTarget section */

/* Begin PBXProject section */
		B4DBFAA21F68C08B00B98ED4 /* Project object */ = {
			isa = PBXProject;
			attributes = {
				LastSwiftUpdateCheck = 0900;
				LastUpgradeCheck = 0900;
				ORGANIZATIONNAME = AppObject;
				TargetAttributes = {
					B4DBFAA91F68C08B00B98ED4 = {
						CreatedOnToolsVersion = 9.0;
						ProvisioningStyle = Automatic;
					};
					B4DBFABD1F68C08C00B98ED4 = {
						CreatedOnToolsVersion = 9.0;
						ProvisioningStyle = Automatic;
						TestTargetID = B4DBFAA91F68C08B00B98ED4;
					};
					B4DBFAC81F68C08C00B98ED4 = {
						CreatedOnToolsVersion = 9.0;
						ProvisioningStyle = Automatic;
						TestTargetID = B4DBFAA91F68C08B00B98ED4;
					};
				};
			};
			buildConfigurationList = B4DBFAA51F68C08B00B98ED4 /* Build configuration list for PBXProject "LocalAuthenticationDemo" */;
			compatibilityVersion = "Xcode 8.0";
			developmentRegion = en;
			hasScannedForEncodings = 0;
			knownRegions = (
				en,
				Base,
			);
			mainGroup = B4DBFAA11F68C08B00B98ED4;
			productRefGroup = B4DBFAAB1F68C08B00B98ED4 /* Products */;
			projectDirPath = "";
			projectRoot = "";
			targets = (
				B4DBFAA91F68C08B00B98ED4 /* LocalAuthenticationDemo */,
				B4DBFABD1F68C08C00B98ED4 /* LocalAuthenticationDemoTests */,
				B4DBFAC81F68C08C00B98ED4 /* LocalAuthenticationDemoUITests */,
			);
		};
/* End PBXProject section */

/* Begin PBXResourcesBuildPhase section */
		B4DBFAA81F68C08B00B98ED4 /* Resources */ = {
			isa = PBXResourcesBuildPhase;
			buildActionMask = 2147483647;
			files = (
				B4DBFAB81F68C08B00B98ED4 /* LaunchScreen.storyboard in Resources */,
				B4DBFAB51F68C08B00B98ED4 /* Assets.xcassets in Resources */,
				B4DBFAB31F68C08B00B98ED4 /* Main.storyboard in Resources */,
			);
			runOnlyForDeploymentPostprocessing = 0;
		};
		B4DBFABC1F68C08C00B98ED4 /* Resources */ = {
			isa = PBXResourcesBuildPhase;
			buildActionMask = 2147483647;
			files = (
			);
			runOnlyForDeploymentPostprocessing = 0;
		};
		B4DBFAC71F68C08C00B98ED4 /* Resources */ = {
			isa = PBXResourcesBuildPhase;
			buildActionMask = 2147483647;
			files = (
			);
			runOnlyForDeploymentPostprocessing = 0;
		};
/* End PBXResourcesBuildPhase section */

/* Begin PBXSourcesBuildPhase section */
		B4DBFAA61F68C08B00B98ED4 /* Sources */ = {
			isa = PBXSourcesBuildPhase;
			buildActionMask = 2147483647;
			files = (
				B4DBFAB01F68C08B00B98ED4 /* AuthenticationViewController.swift in Sources */,
				B4DBFAAE1F68C08B00B98ED4 /* AppDelegate.swift in Sources */,
				B4C3A6D51F6A5105000D6B6F /* MainScreenViewController.swift in Sources */,
			);
			runOnlyForDeploymentPostprocessing = 0;
		};
		B4DBFABA1F68C08C00B98ED4 /* Sources */ = {
			isa = PBXSourcesBuildPhase;
			buildActionMask = 2147483647;
			files = (
				B4DBFAC31F68C08C00B98ED4 /* LocalAuthenticationTests.swift in Sources */,
			);
			runOnlyForDeploymentPostprocessing = 0;
		};
		B4DBFAC51F68C08C00B98ED4 /* Sources */ = {
			isa = PBXSourcesBuildPhase;
			buildActionMask = 2147483647;
			files = (
				B4DBFACE1F68C08C00B98ED4 /* LocalAuthenticationUITests.swift in Sources */,
			);
			runOnlyForDeploymentPostprocessing = 0;
		};
/* End PBXSourcesBuildPhase section */

/* Begin PBXTargetDependency section */
		B4DBFAC01F68C08C00B98ED4 /* PBXTargetDependency */ = {
			isa = PBXTargetDependency;
			target = B4DBFAA91F68C08B00B98ED4 /* LocalAuthenticationDemo */;
			targetProxy = B4DBFABF1F68C08C00B98ED4 /* PBXContainerItemProxy */;
		};
		B4DBFACB1F68C08C00B98ED4 /* PBXTargetDependency */ = {
			isa = PBXTargetDependency;
			target = B4DBFAA91F68C08B00B98ED4 /* LocalAuthenticationDemo */;
			targetProxy = B4DBFACA1F68C08C00B98ED4 /* PBXContainerItemProxy */;
		};
/* End PBXTargetDependency section */

/* Begin PBXVariantGroup section */
		B4DBFAB11F68C08B00B98ED4 /* Main.storyboard */ = {
			isa = PBXVariantGroup;
			children = (
				B4DBFAB21F68C08B00B98ED4 /* Base */,
			);
			name = Main.storyboard;
			sourceTree = "<group>";
		};
		B4DBFAB61F68C08B00B98ED4 /* LaunchScreen.storyboard */ = {
			isa = PBXVariantGroup;
			children = (
				B4DBFAB71F68C08B00B98ED4 /* Base */,
			);
			name = LaunchScreen.storyboard;
			sourceTree = "<group>";
		};
/* End PBXVariantGroup section */

/* Begin XCBuildConfiguration section */
		B4DBFAD01F68C08C00B98ED4 /* Debug */ = {
			isa = XCBuildConfiguration;
			buildSettings = {
				ALWAYS_SEARCH_USER_PATHS = NO;
				CLANG_ANALYZER_NONNULL = YES;
				CLANG_ANALYZER_NUMBER_OBJECT_CONVERSION = YES_AGGRESSIVE;
				CLANG_CXX_LANGUAGE_STANDARD = "gnu++14";
				CLANG_CXX_LIBRARY = "libc++";
				CLANG_ENABLE_MODULES = YES;
				CLANG_ENABLE_OBJC_ARC = YES;
				CLANG_WARN_BLOCK_CAPTURE_AUTORELEASING = YES;
				CLANG_WARN_BOOL_CONVERSION = YES;
				CLANG_WARN_COMMA = YES;
				CLANG_WARN_CONSTANT_CONVERSION = YES;
				CLANG_WARN_DIRECT_OBJC_ISA_USAGE = YES_ERROR;
				CLANG_WARN_DOCUMENTATION_COMMENTS = YES;
				CLANG_WARN_EMPTY_BODY = YES;
				CLANG_WARN_ENUM_CONVERSION = YES;
				CLANG_WARN_INFINITE_RECURSION = YES;
				CLANG_WARN_INT_CONVERSION = YES;
				CLANG_WARN_NON_LITERAL_NULL_CONVERSION = YES;
				CLANG_WARN_OBJC_LITERAL_CONVERSION = YES;
				CLANG_WARN_OBJC_ROOT_CLASS = YES_ERROR;
				CLANG_WARN_RANGE_LOOP_ANALYSIS = YES;
				CLANG_WARN_STRICT_PROTOTYPES = YES;
				CLANG_WARN_SUSPICIOUS_MOVE = YES;
				CLANG_WARN_UNGUARDED_AVAILABILITY = YES_AGGRESSIVE;
				CLANG_WARN_UNREACHABLE_CODE = YES;
				CLANG_WARN__DUPLICATE_METHOD_MATCH = YES;
				CODE_SIGN_IDENTITY = "iPhone Developer";
				COPY_PHASE_STRIP = NO;
				DEBUG_INFORMATION_FORMAT = dwarf;
				ENABLE_STRICT_OBJC_MSGSEND = YES;
				ENABLE_TESTABILITY = YES;
				GCC_C_LANGUAGE_STANDARD = gnu11;
				GCC_DYNAMIC_NO_PIC = NO;
				GCC_NO_COMMON_BLOCKS = YES;
				GCC_OPTIMIZATION_LEVEL = 0;
				GCC_PREPROCESSOR_DEFINITIONS = (
					"DEBUG=1",
					"$(inherited)",
				);
				GCC_WARN_64_TO_32_BIT_CONVERSION = YES;
				GCC_WARN_ABOUT_RETURN_TYPE = YES_ERROR;
				GCC_WARN_UNDECLARED_SELECTOR = YES;
				GCC_WARN_UNINITIALIZED_AUTOS = YES_AGGRESSIVE;
				GCC_WARN_UNUSED_FUNCTION = YES;
				GCC_WARN_UNUSED_VARIABLE = YES;
				IPHONEOS_DEPLOYMENT_TARGET = 11.0;
				MTL_ENABLE_DEBUG_INFO = YES;
				ONLY_ACTIVE_ARCH = YES;
				SDKROOT = iphoneos;
				SWIFT_ACTIVE_COMPILATION_CONDITIONS = DEBUG;
				SWIFT_OPTIMIZATION_LEVEL = "-Onone";
			};
			name = Debug;
		};
		B4DBFAD11F68C08C00B98ED4 /* Release */ = {
			isa = XCBuildConfiguration;
			buildSettings = {
				ALWAYS_SEARCH_USER_PATHS = NO;
				CLANG_ANALYZER_NONNULL = YES;
				CLANG_ANALYZER_NUMBER_OBJECT_CONVERSION = YES_AGGRESSIVE;
				CLANG_CXX_LANGUAGE_STANDARD = "gnu++14";
				CLANG_CXX_LIBRARY = "libc++";
				CLANG_ENABLE_MODULES = YES;
				CLANG_ENABLE_OBJC_ARC = YES;
				CLANG_WARN_BLOCK_CAPTURE_AUTORELEASING = YES;
				CLANG_WARN_BOOL_CONVERSION = YES;
				CLANG_WARN_COMMA = YES;
				CLANG_WARN_CONSTANT_CONVERSION = YES;
				CLANG_WARN_DIRECT_OBJC_ISA_USAGE = YES_ERROR;
				CLANG_WARN_DOCUMENTATION_COMMENTS = YES;
				CLANG_WARN_EMPTY_BODY = YES;
				CLANG_WARN_ENUM_CONVERSION = YES;
				CLANG_WARN_INFINITE_RECURSION = YES;
				CLANG_WARN_INT_CONVERSION = YES;
				CLANG_WARN_NON_LITERAL_NULL_CONVERSION = YES;
				CLANG_WARN_OBJC_LITERAL_CONVERSION = YES;
				CLANG_WARN_OBJC_ROOT_CLASS = YES_ERROR;
				CLANG_WARN_RANGE_LOOP_ANALYSIS = YES;
				CLANG_WARN_STRICT_PROTOTYPES = YES;
				CLANG_WARN_SUSPICIOUS_MOVE = YES;
				CLANG_WARN_UNGUARDED_AVAILABILITY = YES_AGGRESSIVE;
				CLANG_WARN_UNREACHABLE_CODE = YES;
				CLANG_WARN__DUPLICATE_METHOD_MATCH = YES;
				CODE_SIGN_IDENTITY = "iPhone Developer";
				COPY_PHASE_STRIP = NO;
				DEBUG_INFORMATION_FORMAT = "dwarf-with-dsym";
				ENABLE_NS_ASSERTIONS = NO;
				ENABLE_STRICT_OBJC_MSGSEND = YES;
				GCC_C_LANGUAGE_STANDARD = gnu11;
				GCC_NO_COMMON_BLOCKS = YES;
				GCC_WARN_64_TO_32_BIT_CONVERSION = YES;
				GCC_WARN_ABOUT_RETURN_TYPE = YES_ERROR;
				GCC_WARN_UNDECLARED_SELECTOR = YES;
				GCC_WARN_UNINITIALIZED_AUTOS = YES_AGGRESSIVE;
				GCC_WARN_UNUSED_FUNCTION = YES;
				GCC_WARN_UNUSED_VARIABLE = YES;
				IPHONEOS_DEPLOYMENT_TARGET = 11.0;
				MTL_ENABLE_DEBUG_INFO = NO;
				SDKROOT = iphoneos;
				SWIFT_OPTIMIZATION_LEVEL = "-Owholemodule";
				VALIDATE_PRODUCT = YES;
			};
			name = Release;
		};
		B4DBFAD31F68C08C00B98ED4 /* Debug */ = {
			isa = XCBuildConfiguration;
			buildSettings = {
				ASSETCATALOG_COMPILER_APPICON_NAME = AppIcon;
				CODE_SIGN_STYLE = Automatic;
				DEVELOPMENT_TEAM = KXS98JE224;
				INFOPLIST_FILE = LocalAuthentication/Info.plist;
				LD_RUNPATH_SEARCH_PATHS = "$(inherited) @executable_path/Frameworks";
				PRODUCT_BUNDLE_IDENTIFIER = com.appobject.LocalAuthenticationFaceID;
				PRODUCT_NAME = "$(TARGET_NAME)";
				SWIFT_VERSION = 4.0;
				TARGETED_DEVICE_FAMILY = "1,2";
			};
			name = Debug;
		};
		B4DBFAD41F68C08C00B98ED4 /* Release */ = {
			isa = XCBuildConfiguration;
			buildSettings = {
				ASSETCATALOG_COMPILER_APPICON_NAME = AppIcon;
				CODE_SIGN_STYLE = Automatic;
				DEVELOPMENT_TEAM = KXS98JE224;
				INFOPLIST_FILE = LocalAuthentication/Info.plist;
				LD_RUNPATH_SEARCH_PATHS = "$(inherited) @executable_path/Frameworks";
				PRODUCT_BUNDLE_IDENTIFIER = com.appobject.LocalAuthenticationFaceID;
				PRODUCT_NAME = "$(TARGET_NAME)";
				SWIFT_VERSION = 4.0;
				TARGETED_DEVICE_FAMILY = "1,2";
			};
			name = Release;
		};
		B4DBFAD61F68C08C00B98ED4 /* Debug */ = {
			isa = XCBuildConfiguration;
			buildSettings = {
				ALWAYS_EMBED_SWIFT_STANDARD_LIBRARIES = YES;
				BUNDLE_LOADER = "$(TEST_HOST)";
				CODE_SIGN_STYLE = Automatic;
				DEVELOPMENT_TEAM = 9LDVM5K5D7;
				INFOPLIST_FILE = LocalAuthenticationTests/Info.plist;
				LD_RUNPATH_SEARCH_PATHS = "$(inherited) @executable_path/Frameworks @loader_path/Frameworks";
				PRODUCT_BUNDLE_IDENTIFIER = com.appobject.LocalAuthenticationTests;
				PRODUCT_NAME = "$(TARGET_NAME)";
				SWIFT_VERSION = 4.0;
				TARGETED_DEVICE_FAMILY = "1,2";
				TEST_HOST = "$(BUILT_PRODUCTS_DIR)/LocalAuthenticationDemo.app/LocalAuthenticationDemo";
			};
			name = Debug;
		};
		B4DBFAD71F68C08C00B98ED4 /* Release */ = {
			isa = XCBuildConfiguration;
			buildSettings = {
				ALWAYS_EMBED_SWIFT_STANDARD_LIBRARIES = YES;
				BUNDLE_LOADER = "$(TEST_HOST)";
				CODE_SIGN_STYLE = Automatic;
				DEVELOPMENT_TEAM = 9LDVM5K5D7;
				INFOPLIST_FILE = LocalAuthenticationTests/Info.plist;
				LD_RUNPATH_SEARCH_PATHS = "$(inherited) @executable_path/Frameworks @loader_path/Frameworks";
				PRODUCT_BUNDLE_IDENTIFIER = com.appobject.LocalAuthenticationTests;
				PRODUCT_NAME = "$(TARGET_NAME)";
				SWIFT_VERSION = 4.0;
				TARGETED_DEVICE_FAMILY = "1,2";
				TEST_HOST = "$(BUILT_PRODUCTS_DIR)/LocalAuthenticationDemo.app/LocalAuthenticationDemo";
			};
			name = Release;
		};
		B4DBFAD91F68C08C00B98ED4 /* Debug */ = {
			isa = XCBuildConfiguration;
			buildSettings = {
				ALWAYS_EMBED_SWIFT_STANDARD_LIBRARIES = YES;
				CODE_SIGN_STYLE = Automatic;
				DEVELOPMENT_TEAM = 9LDVM5K5D7;
				INFOPLIST_FILE = LocalAuthenticationUITests/Info.plist;
				LD_RUNPATH_SEARCH_PATHS = "$(inherited) @executable_path/Frameworks @loader_path/Frameworks";
				PRODUCT_BUNDLE_IDENTIFIER = com.appobject.LocalAuthenticationUITests;
				PRODUCT_NAME = "$(TARGET_NAME)";
				SWIFT_VERSION = 4.0;
				TARGETED_DEVICE_FAMILY = "1,2";
				TEST_TARGET_NAME = LocalAuthentication;
			};
			name = Debug;
		};
		B4DBFADA1F68C08C00B98ED4 /* Release */ = {
			isa = XCBuildConfiguration;
			buildSettings = {
				ALWAYS_EMBED_SWIFT_STANDARD_LIBRARIES = YES;
				CODE_SIGN_STYLE = Automatic;
				DEVELOPMENT_TEAM = 9LDVM5K5D7;
				INFOPLIST_FILE = LocalAuthenticationUITests/Info.plist;
				LD_RUNPATH_SEARCH_PATHS = "$(inherited) @executable_path/Frameworks @loader_path/Frameworks";
				PRODUCT_BUNDLE_IDENTIFIER = com.appobject.LocalAuthenticationUITests;
				PRODUCT_NAME = "$(TARGET_NAME)";
				SWIFT_VERSION = 4.0;
				TARGETED_DEVICE_FAMILY = "1,2";
				TEST_TARGET_NAME = LocalAuthentication;
			};
			name = Release;
		};
/* End XCBuildConfiguration section */

/* Begin XCConfigurationList section */
		B4DBFAA51F68C08B00B98ED4 /* Build configuration list for PBXProject "LocalAuthenticationDemo" */ = {
			isa = XCConfigurationList;
			buildConfigurations = (
				B4DBFAD01F68C08C00B98ED4 /* Debug */,
				B4DBFAD11F68C08C00B98ED4 /* Release */,
			);
			defaultConfigurationIsVisible = 0;
			defaultConfigurationName = Release;
		};
		B4DBFAD21F68C08C00B98ED4 /* Build configuration list for PBXNativeTarget "LocalAuthenticationDemo" */ = {
			isa = XCConfigurationList;
			buildConfigurations = (
				B4DBFAD31F68C08C00B98ED4 /* Debug */,
				B4DBFAD41F68C08C00B98ED4 /* Release */,
			);
			defaultConfigurationIsVisible = 0;
			defaultConfigurationName = Release;
		};
		B4DBFAD51F68C08C00B98ED4 /* Build configuration list for PBXNativeTarget "LocalAuthenticationDemoTests" */ = {
			isa = XCConfigurationList;
			buildConfigurations = (
				B4DBFAD61F68C08C00B98ED4 /* Debug */,
				B4DBFAD71F68C08C00B98ED4 /* Release */,
			);
			defaultConfigurationIsVisible = 0;
			defaultConfigurationName = Release;
		};
		B4DBFAD81F68C08C00B98ED4 /* Build configuration list for PBXNativeTarget "LocalAuthenticationDemoUITests" */ = {
			isa = XCConfigurationList;
			buildConfigurations = (
				B4DBFAD91F68C08C00B98ED4 /* Debug */,
				B4DBFADA1F68C08C00B98ED4 /* Release */,
			);
			defaultConfigurationIsVisible = 0;
			defaultConfigurationName = Release;
		};
/* End XCConfigurationList section */
	};
	rootObject = B4DBFAA21F68C08B00B98ED4 /* Project object */;
}
